
Microsoft Visual Studio Solution File, Format Version 12.00
# Visual Studio Version 17
VisualStudioVersion = 17.6.33829.357
MinimumVisualStudioVersion = 10.0.40219.1
Project("{FAE04EC0-301F-11D3-BF4B-00C04F79EFBC}") = "Cipher.API", "Cipher.API\Cipher.API.csproj", "{C6FCD274-1523-4C80-A980-53B967CE5C3E}"
	ProjectSection(ProjectDependencies) = postProject
		{2E80FF08-BA88-4FA5-BCBF-EA0D7F9FF534} = {2E80FF08-BA88-4FA5-BCBF-EA0D7F9FF534}
		{C0F82C40-C46D-4C54-A639-20E366414A74} = {C0F82C40-C46D-4C54-A639-20E366414A74}
		{D1333748-F58F-4C5E-8953-D38FAB71AD01} = {D1333748-F58F-4C5E-8953-D38FAB71AD01}
	EndProjectSection
EndProject
Project("{FAE04EC0-301F-11D3-BF4B-00C04F79EFBC}") = "Cipher.DTO", "Cipher.DTO\Cipher.DTO.csproj", "{2E80FF08-BA88-4FA5-BCBF-EA0D7F9FF534}"
EndProject
Project("{FAE04EC0-301F-11D3-BF4B-00C04F79EFBC}") = "Cipher.DAL", "Cipher.DAL\Cipher.DAL.csproj", "{D1333748-F58F-4C5E-8953-D38FAB71AD01}"
	ProjectSection(ProjectDependencies) = postProject
		{2E80FF08-BA88-4FA5-BCBF-EA0D7F9FF534} = {2E80FF08-BA88-4FA5-BCBF-EA0D7F9FF534}
	EndProjectSection
EndProject
Project("{FAE04EC0-301F-11D3-BF4B-00C04F79EFBC}") = "Cipher.BLL", "Cipher.BLL\Cipher.BLL.csproj", "{C0F82C40-C46D-4C54-A639-20E366414A74}"
	ProjectSection(ProjectDependencies) = postProject
		{2E80FF08-BA88-4FA5-BCBF-EA0D7F9FF534} = {2E80FF08-BA88-4FA5-BCBF-EA0D7F9FF534}
		{D1333748-F58F-4C5E-8953-D38FAB71AD01} = {D1333748-F58F-4C5E-8953-D38FAB71AD01}
	EndProjectSection
EndProject
Project("{FAE04EC0-301F-11D3-BF4B-00C04F79EFBC}") = "Cipher.Test", "Cipher.Test\Cipher.Test.csproj", "{7FC8C2BC-1914-4DC5-BD45-CA1306B04D43}"
EndProject
Global
	GlobalSection(SolutionConfigurationPlatforms) = preSolution
		Debug|Any CPU = Debug|Any CPU
		Release|Any CPU = Release|Any CPU
	EndGlobalSection
	GlobalSection(ProjectConfigurationPlatforms) = postSolution
		{C6FCD274-1523-4C80-A980-53B967CE5C3E}.Debug|Any CPU.ActiveCfg = Debug|Any CPU
		{C6FCD274-1523-4C80-A980-53B967CE5C3E}.Debug|Any CPU.Build.0 = Debug|Any CPU
		{C6FCD274-1523-4C80-A980-53B967CE5C3E}.Release|Any CPU.ActiveCfg = Release|Any CPU
		{C6FCD274-1523-4C80-A980-53B967CE5C3E}.Release|Any CPU.Build.0 = Release|Any CPU
		{2E80FF08-BA88-4FA5-BCBF-EA0D7F9FF534}.Debug|Any CPU.ActiveCfg = Debug|Any CPU
		{2E80FF08-BA88-4FA5-BCBF-EA0D7F9FF534}.Debug|Any CPU.Build.0 = Debug|Any CPU
		{2E80FF08-BA88-4FA5-BCBF-EA0D7F9FF534}.Release|Any CPU.ActiveCfg = Release|Any CPU
		{2E80FF08-BA88-4FA5-BCBF-EA0D7F9FF534}.Release|Any CPU.Build.0 = Release|Any CPU
		{D1333748-F58F-4C5E-8953-D38FAB71AD01}.Debug|Any CPU.ActiveCfg = Debug|Any CPU
		{D1333748-F58F-4C5E-8953-D38FAB71AD01}.Debug|Any CPU.Build.0 = Debug|Any CPU
		{D1333748-F58F-4C5E-8953-D38FAB71AD01}.Release|Any CPU.ActiveCfg = Release|Any CPU
		{D1333748-F58F-4C5E-8953-D38FAB71AD01}.Release|Any CPU.Build.0 = Release|Any CPU
		{C0F82C40-C46D-4C54-A639-20E366414A74}.Debug|Any CPU.ActiveCfg = Debug|Any CPU
		{C0F82C40-C46D-4C54-A639-20E366414A74}.Debug|Any CPU.Build.0 = Debug|Any CPU
		{C0F82C40-C46D-4C54-A639-20E366414A74}.Release|Any CPU.ActiveCfg = Release|Any CPU
		{C0F82C40-C46D-4C54-A639-20E366414A74}.Release|Any CPU.Build.0 = Release|Any CPU
		{7FC8C2BC-1914-4DC5-BD45-CA1306B04D43}.Debug|Any CPU.ActiveCfg = Debug|Any CPU
		{7FC8C2BC-1914-4DC5-BD45-CA1306B04D43}.Debug|Any CPU.Build.0 = Debug|Any CPU
		{7FC8C2BC-1914-4DC5-BD45-CA1306B04D43}.Release|Any CPU.ActiveCfg = Release|Any CPU
		{7FC8C2BC-1914-4DC5-BD45-CA1306B04D43}.Release|Any CPU.Build.0 = Release|Any CPU
	EndGlobalSection
	GlobalSection(SolutionProperties) = preSolution
		HideSolutionNode = FALSE
	EndGlobalSection
	GlobalSection(ExtensibilityGlobals) = postSolution
		SolutionGuid = {CB9B75EC-7C8A-482B-A6B9-0CD3E8C13820}
	EndGlobalSection
EndGlobal
